
Microsoft Visual Studio Solution File, Format Version 12.00
# Visual Studio Version 17
VisualStudioVersion = 17.4.33213.308
MinimumVisualStudioVersion = 10.0.40219.1
Project("{FAE04EC0-301F-11D3-BF4B-00C04F79EFBC}") = "Api", "Api\Api.csproj", "{DD4DCBFD-791E-45BD-BA3C-74932607C469}"
EndProject
Project("{FAE04EC0-301F-11D3-BF4B-00C04F79EFBC}") = "Domain", "Domain\Domain.csproj", "{AD6529A1-7567-45E4-B822-9C07C1D3B2F8}"
EndProject
Project("{FAE04EC0-301F-11D3-BF4B-00C04F79EFBC}") = "Application", "Application\Application.csproj", "{ED5E5DF4-F1DD-44D5-9572-B0F443A2F404}"
EndProject
Project("{FAE04EC0-301F-11D3-BF4B-00C04F79EFBC}") = "Infrastructure", "Infrastructure\Infrastructure.csproj", "{E141A1F2-2659-4FBB-86BC-30B7DD475437}"
EndProject
Global
	GlobalSection(SolutionConfigurationPlatforms) = preSolution
		Debug|Any CPU = Debug|Any CPU
		Release|Any CPU = Release|Any CPU
	EndGlobalSection
	GlobalSection(ProjectConfigurationPlatforms) = postSolution
		{DD4DCBFD-791E-45BD-BA3C-74932607C469}.Debug|Any CPU.ActiveCfg = Debug|Any CPU
		{DD4DCBFD-791E-45BD-BA3C-74932607C469}.Debug|Any CPU.Build.0 = Debug|Any CPU
		{DD4DCBFD-791E-45BD-BA3C-74932607C469}.Release|Any CPU.ActiveCfg = Release|Any CPU
		{DD4DCBFD-791E-45BD-BA3C-74932607C469}.Release|Any CPU.Build.0 = Release|Any CPU
		{AD6529A1-7567-45E4-B822-9C07C1D3B2F8}.Debug|Any CPU.ActiveCfg = Debug|Any CPU
		{AD6529A1-7567-45E4-B822-9C07C1D3B2F8}.Debug|Any CPU.Build.0 = Debug|Any CPU
		{AD6529A1-7567-45E4-B822-9C07C1D3B2F8}.Release|Any CPU.ActiveCfg = Release|Any CPU
		{AD6529A1-7567-45E4-B822-9C07C1D3B2F8}.Release|Any CPU.Build.0 = Release|Any CPU
		{ED5E5DF4-F1DD-44D5-9572-B0F443A2F404}.Debug|Any CPU.ActiveCfg = Debug|Any CPU
		{ED5E5DF4-F1DD-44D5-9572-B0F443A2F404}.Debug|Any CPU.Build.0 = Debug|Any CPU
		{ED5E5DF4-F1DD-44D5-9572-B0F443A2F404}.Release|Any CPU.ActiveCfg = Release|Any CPU
		{ED5E5DF4-F1DD-44D5-9572-B0F443A2F404}.Release|Any CPU.Build.0 = Release|Any CPU
		{E141A1F2-2659-4FBB-86BC-30B7DD475437}.Debug|Any CPU.ActiveCfg = Debug|Any CPU
		{E141A1F2-2659-4FBB-86BC-30B7DD475437}.Debug|Any CPU.Build.0 = Debug|Any CPU
		{E141A1F2-2659-4FBB-86BC-30B7DD475437}.Release|Any CPU.ActiveCfg = Release|Any CPU
		{E141A1F2-2659-4FBB-86BC-30B7DD475437}.Release|Any CPU.Build.0 = Release|Any CPU
	EndGlobalSection
	GlobalSection(SolutionProperties) = preSolution
		HideSolutionNode = FALSE
	EndGlobalSection
	GlobalSection(ExtensibilityGlobals) = postSolution
		SolutionGuid = {40A2D249-3287-4FC3-BEB0-F756E606E447}
	EndGlobalSection
EndGlobal
